{
    "name": "caldav-calendar",
    "version": "1.0.0",
    "lockfileVersion": 3,
    "requires": true,
    "packages": {
        "": {
            "name": "caldav-calendar",
            "version": "1.0.0",
            "dependencies": {
                "pebble-clay": "^1.0.4"
            },
            "devDependencies": {
                "ical-expander": "1.1.2",
                "ical.js": "1.5.0"
            }
        },
        "node_modules/ical-expander": {
            "version": "1.1.2",
            "resolved": "https://registry.npmjs.org/ical-expander/-/ical-expander-1.1.2.tgz",
            "integrity": "sha512-XSa4kGuhqPQDpQCYQy7X8tW3VscL/tUPBMoeSqGEuGbqLEycvEtbHl2MDX7MwwkfO7rNKhhmlDsWCQeLDiFbXA==",
            "dev": true,
            "license": "MIT",
            "dependencies": {
                "ical.js": "^1.2.2"
            },
            "engines": {
                "node": ">=4"
            }
        },
        "node_modules/ical.js": {
            "version": "1.5.0",
            "resolved": "https://registry.npmjs.org/ical.js/-/ical.js-1.5.0.tgz",
            "integrity": "sha512-7ZxMkogUkkaCx810yp0ZGKvq1ZpRgJeornPttpoxe6nYZ3NLesZe1wWMXDdwTkj/b5NtXT+Y16Aakph/ao98ZQ==",
            "dev": true,
            "license": "MPL-2.0"
        },
        "node_modules/pebble-clay": {
            "version": "1.0.4",
            "resolved": "https://registry.npmjs.org/pebble-clay/-/pebble-clay-1.0.4.tgz",
            "integrity": "sha512-/rXxmltdW8JyohDzXINdea+d2wnFJVNFiTXfuZsKpySURZSCFMMucX9sZPZvbHnEA4xFINM4iicyhBbvY4ALfw==",
            "license": "MIT"
        }
    }
}
